
Microsoft Visual Studio Solution File, Format Version 12.00
# Visual Studio 15
VisualStudioVersion = 15.0.28010.2026
MinimumVisualStudioVersion = 10.0.40219.1
Project("{FAE04EC0-301F-11D3-BF4B-00C04F79EFBC}") = "Pet_shop", "Pet_shop\Pet_shop.csproj", "{EC0626E6-5AAA-4CAD-8C0C-1625FA5CC655}"
EndProject
Global
	GlobalSection(SolutionConfigurationPlatforms) = preSolution
		Debug|Any CPU = Debug|Any CPU
		Release|Any CPU = Release|Any CPU
	EndGlobalSection
	GlobalSection(ProjectConfigurationPlatforms) = postSolution
		{EC0626E6-5AAA-4CAD-8C0C-1625FA5CC655}.Debug|Any CPU.ActiveCfg = Debug|Any CPU
		{EC0626E6-5AAA-4CAD-8C0C-1625FA5CC655}.Debug|Any CPU.Build.0 = Debug|Any CPU
		{EC0626E6-5AAA-4CAD-8C0C-1625FA5CC655}.Release|Any CPU.ActiveCfg = Release|Any CPU
		{EC0626E6-5AAA-4CAD-8C0C-1625FA5CC655}.Release|Any CPU.Build.0 = Release|Any CPU
	EndGlobalSection
	GlobalSection(SolutionProperties) = preSolution
		HideSolutionNode = FALSE
	EndGlobalSection
	GlobalSection(ExtensibilityGlobals) = postSolution
		SolutionGuid = {F29D9AA5-F57E-4AC4-AD4A-77140B1D0A78}
	EndGlobalSection
EndGlobal
